
Microsoft Visual Studio Solution File, Format Version 12.00
# Visual Studio Version 17
VisualStudioVersion = 17.5.001.0
MinimumVisualStudioVersion = 10.0.40219.1
Project("{9A19103F-16F7-4668-BE54-9A1E7A4F7556}") = "MyShop", "MyShop.csproj", "{DA824BB6-2C28-4B4E-AE42-341CED19A677}"
EndProject
Global
	GlobalSection(SolutionConfigurationPlatforms) = preSolution
		Debug|Any CPU = Debug|Any CPU
		Release|Any CPU = Release|Any CPU
	EndGlobalSection
	GlobalSection(ProjectConfigurationPlatforms) = postSolution
		{DA824BB6-2C28-4B4E-AE42-341CED19A677}.Debug|Any CPU.ActiveCfg = Debug|Any CPU
		{DA824BB6-2C28-4B4E-AE42-341CED19A677}.Debug|Any CPU.Build.0 = Debug|Any CPU
		{DA824BB6-2C28-4B4E-AE42-341CED19A677}.Release|Any CPU.ActiveCfg = Release|Any CPU
		{DA824BB6-2C28-4B4E-AE42-341CED19A677}.Release|Any CPU.Build.0 = Release|Any CPU
	EndGlobalSection
	GlobalSection(SolutionProperties) = preSolution
		HideSolutionNode = FALSE
	EndGlobalSection
	GlobalSection(ExtensibilityGlobals) = postSolution
		SolutionGuid = {6D057536-E886-4AAB-94BE-B380F256F415}
	EndGlobalSection
EndGlobal
